
Microsoft Visual Studio Solution File, Format Version 12.00
# Visual Studio 15
VisualStudioVersion = 15.0.28307.539
MinimumVisualStudioVersion = 10.0.40219.1
Project("{FAE04EC0-301F-11D3-BF4B-00C04F79EFBC}") = "Topologic_Engine", "Topologic_Engine\Topologic_Engine.csproj", "{260B2150-B717-4683-90D1-5529CC3F0DE4}"
EndProject
Global
	GlobalSection(SolutionConfigurationPlatforms) = preSolution
		Debug|Any CPU = Debug|Any CPU
		Release|Any CPU = Release|Any CPU
	EndGlobalSection
	GlobalSection(ProjectConfigurationPlatforms) = postSolution
		{260B2150-B717-4683-90D1-5529CC3F0DE4}.Debug|Any CPU.ActiveCfg = Debug|Any CPU
		{260B2150-B717-4683-90D1-5529CC3F0DE4}.Debug|Any CPU.Build.0 = Debug|Any CPU
		{260B2150-B717-4683-90D1-5529CC3F0DE4}.Release|Any CPU.ActiveCfg = Release|Any CPU
		{260B2150-B717-4683-90D1-5529CC3F0DE4}.Release|Any CPU.Build.0 = Release|Any CPU
	EndGlobalSection
	GlobalSection(SolutionProperties) = preSolution
		HideSolutionNode = FALSE
	EndGlobalSection
	GlobalSection(ExtensibilityGlobals) = postSolution
		SolutionGuid = {B9CF185E-BBA9-4EBA-9D64-E195B95B7806}
	EndGlobalSection
EndGlobal
